// !$*UTF8*$!
{
	archiveVersion = 1;
	classes = {
	};
	objectVersion = 50;
	objects = {

/* Begin PBXBuildFile section */
		461393B0220011C4005E25A7 /* AppDelegate.swift in Sources */ = {isa = PBXBuildFile; fileRef = 461393AF220011C4005E25A7 /* AppDelegate.swift */; };
		461393B2220011C4005E25A7 /* ViewController.swift in Sources */ = {isa = PBXBuildFile; fileRef = 461393B1220011C4005E25A7 /* ViewController.swift */; };
		461393B5220011C4005E25A7 /* Main.storyboard in Resources */ = {isa = PBXBuildFile; fileRef = 461393B3220011C4005E25A7 /* Main.storyboard */; };
		461393B7220011C8005E25A7 /* Assets.xcassets in Resources */ = {isa = PBXBuildFile; fileRef = 461393B6220011C8005E25A7 /* Assets.xcassets */; };
		461393BA220011C8005E25A7 /* LaunchScreen.storyboard in Resources */ = {isa = PBXBuildFile; fileRef = 461393B8220011C8005E25A7 /* LaunchScreen.storyboard */; };
		461393C5220011C8005E25A7 /* QuizTests.swift in Sources */ = {isa = PBXBuildFile; fileRef = 461393C4220011C8005E25A7 /* QuizTests.swift */; };
		461393D0220011C8005E25A7 /* QuizUITests.swift in Sources */ = {isa = PBXBuildFile; fileRef = 461393CF220011C8005E25A7 /* QuizUITests.swift */; };
/* End PBXBuildFile section */

/* Begin PBXContainerItemProxy section */
		461393C1220011C8005E25A7 /* PBXContainerItemProxy */ = {
			isa = PBXContainerItemProxy;
			containerPortal = 461393A4220011C3005E25A7 /* Project object */;
			proxyType = 1;
			remoteGlobalIDString = 461393AB220011C3005E25A7;
			remoteInfo = Quiz;
		};
		461393CC220011C8005E25A7 /* PBXContainerItemProxy */ = {
			isa = PBXContainerItemProxy;
			containerPortal = 461393A4220011C3005E25A7 /* Project object */;
			proxyType = 1;
			remoteGlobalIDString = 461393AB220011C3005E25A7;
			remoteInfo = Quiz;
		};
/* End PBXContainerItemProxy section */

/* Begin PBXFileReference section */
		461393AC220011C3005E25A7 /* Quiz.app */ = {isa = PBXFileReference; explicitFileType = wrapper.application; includeInIndex = 0; path = Quiz.app; sourceTree = BUILT_PRODUCTS_DIR; };
		461393AF220011C4005E25A7 /* AppDelegate.swift */ = {isa = PBXFileReference; lastKnownFileType = sourcecode.swift; path = AppDelegate.swift; sourceTree = "<group>"; };
		461393B1220011C4005E25A7 /* ViewController.swift */ = {isa = PBXFileReference; lastKnownFileType = sourcecode.swift; path = ViewController.swift; sourceTree = "<group>"; };
		461393B4220011C4005E25A7 /* Base */ = {isa = PBXFileReference; lastKnownFileType = file.storyboard; name = Base; path = Base.lproj/Main.storyboard; sourceTree = "<group>"; };
		461393B6220011C8005E25A7 /* Assets.xcassets */ = {isa = PBXFileReference; lastKnownFileType = folder.assetcatalog; path = Assets.xcassets; sourceTree = "<group>"; };
		461393B9220011C8005E25A7 /* Base */ = {isa = PBXFileReference; lastKnownFileType = file.storyboard; name = Base; path = Base.lproj/LaunchScreen.storyboard; sourceTree = "<group>"; };
		461393BB220011C8005E25A7 /* Info.plist */ = {isa = PBXFileReference; lastKnownFileType = text.plist.xml; path = Info.plist; sourceTree = "<group>"; };
		461393C0220011C8005E25A7 /* QuizTests.xctest */ = {isa = PBXFileReference; explicitFileType = wrapper.cfbundle; includeInIndex = 0; path = QuizTests.xctest; sourceTree = BUILT_PRODUCTS_DIR; };
		461393C4220011C8005E25A7 /* QuizTests.swift */ = {isa = PBXFileReference; lastKnownFileType = sourcecode.swift; path = QuizTests.swift; sourceTree = "<group>"; };
		461393C6220011C8005E25A7 /* Info.plist */ = {isa = PBXFileReference; lastKnownFileType = text.plist.xml; path = Info.plist; sourceTree = "<group>"; };
		461393CB220011C8005E25A7 /* QuizUITests.xctest */ = {isa = PBXFileReference; explicitFileType = wrapper.cfbundle; includeInIndex = 0; path = QuizUITests.xctest; sourceTree = BUILT_PRODUCTS_DIR; };
		461393CF220011C8005E25A7 /* QuizUITests.swift */ = {isa = PBXFileReference; lastKnownFileType = sourcecode.swift; path = QuizUITests.swift; sourceTree = "<group>"; };
		461393D1220011C8005E25A7 /* Info.plist */ = {isa = PBXFileReference; lastKnownFileType = text.plist.xml; path = Info.plist; sourceTree = "<group>"; };
/* End PBXFileReference section */

/* Begin PBXFrameworksBuildPhase section */
		461393A9220011C3005E25A7 /* Frameworks */ = {
			isa = PBXFrameworksBuildPhase;
			buildActionMask = 2147483647;
			files = (
			);
			runOnlyForDeploymentPostprocessing = 0;
		};
		461393BD220011C8005E25A7 /* Frameworks */ = {
			isa = PBXFrameworksBuildPhase;
			buildActionMask = 2147483647;
			files = (
			);
			runOnlyForDeploymentPostprocessing = 0;
		};
		461393C8220011C8005E25A7 /* Frameworks */ = {
			isa = PBXFrameworksBuildPhase;
			buildActionMask = 2147483647;
			files = (
			);
			runOnlyForDeploymentPostprocessing = 0;
		};
/* End PBXFrameworksBuildPhase section */

/* Begin PBXGroup section */
		461393A3220011C3005E25A7 = {
			isa = PBXGroup;
			children = (
				461393AE220011C3005E25A7 /* Quiz */,
				461393C3220011C8005E25A7 /* QuizTests */,
				461393CE220011C8005E25A7 /* QuizUITests */,
				461393AD220011C3005E25A7 /* Products */,
			);
			sourceTree = "<group>";
		};
		461393AD220011C3005E25A7 /* Products */ = {
			isa = PBXGroup;
			children = (
				461393AC220011C3005E25A7 /* Quiz.app */,
				461393C0220011C8005E25A7 /* QuizTests.xctest */,
				461393CB220011C8005E25A7 /* QuizUITests.xctest */,
			);
			name = Products;
			sourceTree = "<group>";
		};
		461393AE220011C3005E25A7 /* Quiz */ = {
			isa = PBXGroup;
			children = (
				461393AF220011C4005E25A7 /* AppDelegate.swift */,
				461393B1220011C4005E25A7 /* ViewController.swift */,
				461393B3220011C4005E25A7 /* Main.storyboard */,
				461393B6220011C8005E25A7 /* Assets.xcassets */,
				461393B8220011C8005E25A7 /* LaunchScreen.storyboard */,
				461393BB220011C8005E25A7 /* Info.plist */,
			);
			path = Quiz;
			sourceTree = "<group>";
		};
		461393C3220011C8005E25A7 /* QuizTests */ = {
			isa = PBXGroup;
			children = (
				461393C4220011C8005E25A7 /* QuizTests.swift */,
				461393C6220011C8005E25A7 /* Info.plist */,
			);
			path = QuizTests;
			sourceTree = "<group>";
		};
		461393CE220011C8005E25A7 /* QuizUITests */ = {
			isa = PBXGroup;
			children = (
				461393CF220011C8005E25A7 /* QuizUITests.swift */,
				461393D1220011C8005E25A7 /* Info.plist */,
			);
			path = QuizUITests;
			sourceTree = "<group>";
		};
/* End PBXGroup section */

/* Begin PBXNativeTarget section */
		461393AB220011C3005E25A7 /* Quiz */ = {
			isa = PBXNativeTarget;
			buildConfigurationList = 461393D4220011C8005E25A7 /* Build configuration list for PBXNativeTarget "Quiz" */;
			buildPhases = (
				461393A8220011C3005E25A7 /* Sources */,
				461393A9220011C3005E25A7 /* Frameworks */,
				461393AA220011C3005E25A7 /* Resources */,
			);
			buildRules = (
			);
			dependencies = (
			);
			name = Quiz;
			productName = Quiz;
			productReference = 461393AC220011C3005E25A7 /* Quiz.app */;
			productType = "com.apple.product-type.application";
		};
		461393BF220011C8005E25A7 /* QuizTests */ = {
			isa = PBXNativeTarget;
			buildConfigurationList = 461393D7220011C8005E25A7 /* Build configuration list for PBXNativeTarget "QuizTests" */;
			buildPhases = (
				461393BC220011C8005E25A7 /* Sources */,
				461393BD220011C8005E25A7 /* Frameworks */,
				461393BE220011C8005E25A7 /* Resources */,
			);
			buildRules = (
			);
			dependencies = (
				461393C2220011C8005E25A7 /* PBXTargetDependency */,
			);
			name = QuizTests;
			productName = QuizTests;
			productReference = 461393C0220011C8005E25A7 /* QuizTests.xctest */;
			productType = "com.apple.product-type.bundle.unit-test";
		};
		461393CA220011C8005E25A7 /* QuizUITests */ = {
			isa = PBXNativeTarget;
			buildConfigurationList = 461393DA220011C8005E25A7 /* Build configuration list for PBXNativeTarget "QuizUITests" */;
			buildPhases = (
				461393C7220011C8005E25A7 /* Sources */,
				461393C8220011C8005E25A7 /* Frameworks */,
				461393C9220011C8005E25A7 /* Resources */,
			);
			buildRules = (
			);
			dependencies = (
				461393CD220011C8005E25A7 /* PBXTargetDependency */,
			);
			name = QuizUITests;
			productName = QuizUITests;
			productReference = 461393CB220011C8005E25A7 /* QuizUITests.xctest */;
			productType = "com.apple.product-type.bundle.ui-testing";
		};
/* End PBXNativeTarget section */

/* Begin PBXProject section */
		461393A4220011C3005E25A7 /* Project object */ = {
			isa = PBXProject;
			attributes = {
				LastSwiftUpdateCheck = 1010;
				LastUpgradeCheck = 1010;
				ORGANIZATIONNAME = Cara;
				TargetAttributes = {
					461393AB220011C3005E25A7 = {
						CreatedOnToolsVersion = 10.1;
					};
					461393BF220011C8005E25A7 = {
						CreatedOnToolsVersion = 10.1;
						TestTargetID = 461393AB220011C3005E25A7;
					};
					461393CA220011C8005E25A7 = {
						CreatedOnToolsVersion = 10.1;
						TestTargetID = 461393AB220011C3005E25A7;
					};
				};
			};
			buildConfigurationList = 461393A7220011C3005E25A7 /* Build configuration list for PBXProject "Quiz" */;
			compatibilityVersion = "Xcode 9.3";
			developmentRegion = en;
			hasScannedForEncodings = 0;
			knownRegions = (
				en,
				Base,
			);
			mainGroup = 461393A3220011C3005E25A7;
			productRefGroup = 461393AD220011C3005E25A7 /* Products */;
			projectDirPath = "";
			projectRoot = "";
			targets = (
				461393AB220011C3005E25A7 /* Quiz */,
				461393BF220011C8005E25A7 /* QuizTests */,
				461393CA220011C8005E25A7 /* QuizUITests */,
			);
		};
/* End PBXProject section */

/* Begin PBXResourcesBuildPhase section */
		461393AA220011C3005E25A7 /* Resources */ = {
			isa = PBXResourcesBuildPhase;
			buildActionMask = 2147483647;
			files = (
				461393BA220011C8005E25A7 /* LaunchScreen.storyboard in Resources */,
				461393B7220011C8005E25A7 /* Assets.xcassets in Resources */,
				461393B5220011C4005E25A7 /* Main.storyboard in Resources */,
			);
			runOnlyForDeploymentPostprocessing = 0;
		};
		461393BE220011C8005E25A7 /* Resources */ = {
			isa = PBXResourcesBuildPhase;
			buildActionMask = 2147483647;
			files = (
			);
			runOnlyForDeploymentPostprocessing = 0;
		};
		461393C9220011C8005E25A7 /* Resources */ = {
			isa = PBXResourcesBuildPhase;
			buildActionMask = 2147483647;
			files = (
			);
			runOnlyForDeploymentPostprocessing = 0;
		};
/* End PBXResourcesBuildPhase section */

/* Begin PBXSourcesBuildPhase section */
		461393A8220011C3005E25A7 /* Sources */ = {
			isa = PBXSourcesBuildPhase;
			buildActionMask = 2147483647;
			files = (
				461393B2220011C4005E25A7 /* ViewController.swift in Sources */,
				461393B0220011C4005E25A7 /* AppDelegate.swift in Sources */,
			);
			runOnlyForDeploymentPostprocessing = 0;
		};
		461393BC220011C8005E25A7 /* Sources */ = {
			isa = PBXSourcesBuildPhase;
			buildActionMask = 2147483647;
			files = (
				461393C5220011C8005E25A7 /* QuizTests.swift in Sources */,
			);
			runOnlyForDeploymentPostprocessing = 0;
		};
		461393C7220011C8005E25A7 /* Sources */ = {
			isa = PBXSourcesBuildPhase;
			buildActionMask = 2147483647;
			files = (
				461393D0220011C8005E25A7 /* QuizUITests.swift in Sources */,
			);
			runOnlyForDeploymentPostprocessing = 0;
		};
/* End PBXSourcesBuildPhase section */

/* Begin PBXTargetDependency section */
		461393C2220011C8005E25A7 /* PBXTargetDependency */ = {
			isa = PBXTargetDependency;
			target = 461393AB220011C3005E25A7 /* Quiz */;
			targetProxy = 461393C1220011C8005E25A7 /* PBXContainerItemProxy */;
		};
		461393CD220011C8005E25A7 /* PBXTargetDependency */ = {
			isa = PBXTargetDependency;
			target = 461393AB220011C3005E25A7 /* Quiz */;
			targetProxy = 461393CC220011C8005E25A7 /* PBXContainerItemProxy */;
		};
/* End PBXTargetDependency section */

/* Begin PBXVariantGroup section */
		461393B3220011C4005E25A7 /* Main.storyboard */ = {
			isa = PBXVariantGroup;
			children = (
				461393B4220011C4005E25A7 /* Base */,
			);
			name = Main.storyboard;
			sourceTree = "<group>";
		};
		461393B8220011C8005E25A7 /* LaunchScreen.storyboard */ = {
			isa = PBXVariantGroup;
			children = (
				461393B9220011C8005E25A7 /* Base */,
			);
			name = LaunchScreen.storyboard;
			sourceTree = "<group>";
		};
/* End PBXVariantGroup section */

/* Begin XCBuildConfiguration section */
		461393D2220011C8005E25A7 /* Debug */ = {
			isa = XCBuildConfiguration;
			buildSettings = {
				ALWAYS_SEARCH_USER_PATHS = NO;
				CLANG_ANALYZER_NONNULL = YES;
				CLANG_ANALYZER_NUMBER_OBJECT_CONVERSION = YES_AGGRESSIVE;
				CLANG_CXX_LANGUAGE_STANDARD = "gnu++14";
				CLANG_CXX_LIBRARY = "libc++";
				CLANG_ENABLE_MODULES = YES;
				CLANG_ENABLE_OBJC_ARC = YES;
				CLANG_ENABLE_OBJC_WEAK = YES;
				CLANG_WARN_BLOCK_CAPTURE_AUTORELEASING = YES;
				CLANG_WARN_BOOL_CONVERSION = YES;
				CLANG_WARN_COMMA = YES;
				CLANG_WARN_CONSTANT_CONVERSION = YES;
				CLANG_WARN_DEPRECATED_OBJC_IMPLEMENTATIONS = YES;
				CLANG_WARN_DIRECT_OBJC_ISA_USAGE = YES_ERROR;
				CLANG_WARN_DOCUMENTATION_COMMENTS = YES;
				CLANG_WARN_EMPTY_BODY = YES;
				CLANG_WARN_ENUM_CONVERSION = YES;
				CLANG_WARN_INFINITE_RECURSION = YES;
				CLANG_WARN_INT_CONVERSION = YES;
				CLANG_WARN_NON_LITERAL_NULL_CONVERSION = YES;
				CLANG_WARN_OBJC_IMPLICIT_RETAIN_SELF = YES;
				CLANG_WARN_OBJC_LITERAL_CONVERSION = YES;
				CLANG_WARN_OBJC_ROOT_CLASS = YES_ERROR;
				CLANG_WARN_RANGE_LOOP_ANALYSIS = YES;
				CLANG_WARN_STRICT_PROTOTYPES = YES;
				CLANG_WARN_SUSPICIOUS_MOVE = YES;
				CLANG_WARN_UNGUARDED_AVAILABILITY = YES_AGGRESSIVE;
				CLANG_WARN_UNREACHABLE_CODE = YES;
				CLANG_WARN__DUPLICATE_METHOD_MATCH = YES;
				CODE_SIGN_IDENTITY = "iPhone Developer";
				COPY_PHASE_STRIP = NO;
				DEBUG_INFORMATION_FORMAT = dwarf;
				ENABLE_STRICT_OBJC_MSGSEND = YES;
				ENABLE_TESTABILITY = YES;
				GCC_C_LANGUAGE_STANDARD = gnu11;
				GCC_DYNAMIC_NO_PIC = NO;
				GCC_NO_COMMON_BLOCKS = YES;
				GCC_OPTIMIZATION_LEVEL = 0;
				GCC_PREPROCESSOR_DEFINITIONS = (
					"DEBUG=1",
					"$(inherited)",
				);
				GCC_WARN_64_TO_32_BIT_CONVERSION = YES;
				GCC_WARN_ABOUT_RETURN_TYPE = YES_ERROR;
				GCC_WARN_UNDECLARED_SELECTOR = YES;
				GCC_WARN_UNINITIALIZED_AUTOS = YES_AGGRESSIVE;
				GCC_WARN_UNUSED_FUNCTION = YES;
				GCC_WARN_UNUSED_VARIABLE = YES;
				IPHONEOS_DEPLOYMENT_TARGET = 12.1;
				MTL_ENABLE_DEBUG_INFO = INCLUDE_SOURCE;
				MTL_FAST_MATH = YES;
				ONLY_ACTIVE_ARCH = YES;
				SDKROOT = iphoneos;
				SWIFT_ACTIVE_COMPILATION_CONDITIONS = DEBUG;
				SWIFT_OPTIMIZATION_LEVEL = "-Onone";
			};
			name = Debug;
		};
		461393D3220011C8005E25A7 /* Release */ = {
			isa = XCBuildConfiguration;
			buildSettings = {
				ALWAYS_SEARCH_USER_PATHS = NO;
				CLANG_ANALYZER_NONNULL = YES;
				CLANG_ANALYZER_NUMBER_OBJECT_CONVERSION = YES_AGGRESSIVE;
				CLANG_CXX_LANGUAGE_STANDARD = "gnu++14";
				CLANG_CXX_LIBRARY = "libc++";
				CLANG_ENABLE_MODULES = YES;
				CLANG_ENABLE_OBJC_ARC = YES;
				CLANG_ENABLE_OBJC_WEAK = YES;
				CLANG_WARN_BLOCK_CAPTURE_AUTORELEASING = YES;
				CLANG_WARN_BOOL_CONVERSION = YES;
				CLANG_WARN_COMMA = YES;
				CLANG_WARN_CONSTANT_CONVERSION = YES;
				CLANG_WARN_DEPRECATED_OBJC_IMPLEMENTATIONS = YES;
				CLANG_WARN_DIRECT_OBJC_ISA_USAGE = YES_ERROR;
				CLANG_WARN_DOCUMENTATION_COMMENTS = YES;
				CLANG_WARN_EMPTY_BODY = YES;
				CLANG_WARN_ENUM_CONVERSION = YES;
				CLANG_WARN_INFINITE_RECURSION = YES;
				CLANG_WARN_INT_CONVERSION = YES;
				CLANG_WARN_NON_LITERAL_NULL_CONVERSION = YES;
				CLANG_WARN_OBJC_IMPLICIT_RETAIN_SELF = YES;
				CLANG_WARN_OBJC_LITERAL_CONVERSION = YES;
				CLANG_WARN_OBJC_ROOT_CLASS = YES_ERROR;
				CLANG_WARN_RANGE_LOOP_ANALYSIS = YES;
				CLANG_WARN_STRICT_PROTOTYPES = YES;
				CLANG_WARN_SUSPICIOUS_MOVE = YES;
				CLANG_WARN_UNGUARDED_AVAILABILITY = YES_AGGRESSIVE;
				CLANG_WARN_UNREACHABLE_CODE = YES;
				CLANG_WARN__DUPLICATE_METHOD_MATCH = YES;
				CODE_SIGN_IDENTITY = "iPhone Developer";
				COPY_PHASE_STRIP = NO;
				DEBUG_INFORMATION_FORMAT = "dwarf-with-dsym";
				ENABLE_NS_ASSERTIONS = NO;
				ENABLE_STRICT_OBJC_MSGSEND = YES;
				GCC_C_LANGUAGE_STANDARD = gnu11;
				GCC_NO_COMMON_BLOCKS = YES;
				GCC_WARN_64_TO_32_BIT_CONVERSION = YES;
				GCC_WARN_ABOUT_RETURN_TYPE = YES_ERROR;
				GCC_WARN_UNDECLARED_SELECTOR = YES;
				GCC_WARN_UNINITIALIZED_AUTOS = YES_AGGRESSIVE;
				GCC_WARN_UNUSED_FUNCTION = YES;
				GCC_WARN_UNUSED_VARIABLE = YES;
				IPHONEOS_DEPLOYMENT_TARGET = 12.1;
				MTL_ENABLE_DEBUG_INFO = NO;
				MTL_FAST_MATH = YES;
				SDKROOT = iphoneos;
				SWIFT_COMPILATION_MODE = wholemodule;
				SWIFT_OPTIMIZATION_LEVEL = "-O";
				VALIDATE_PRODUCT = YES;
			};
			name = Release;
		};
		461393D5220011C8005E25A7 /* Debug */ = {
			isa = XCBuildConfiguration;
			buildSettings = {
				ASSETCATALOG_COMPILER_APPICON_NAME = AppIcon;
				CODE_SIGN_STYLE = Automatic;
				INFOPLIST_FILE = Quiz/Info.plist;
				LD_RUNPATH_SEARCH_PATHS = (
					"$(inherited)",
					"@executable_path/Frameworks",
				);
				PRODUCT_BUNDLE_IDENTIFIER = com.cwegs.Quiz;
				PRODUCT_NAME = "$(TARGET_NAME)";
				SWIFT_VERSION = 4.2;
				TARGETED_DEVICE_FAMILY = "1,2";
			};
			name = Debug;
		};
		461393D6220011C8005E25A7 /* Release */ = {
			isa = XCBuildConfiguration;
			buildSettings = {
				ASSETCATALOG_COMPILER_APPICON_NAME = AppIcon;
				CODE_SIGN_STYLE = Automatic;
				INFOPLIST_FILE = Quiz/Info.plist;
				LD_RUNPATH_SEARCH_PATHS = (
					"$(inherited)",
					"@executable_path/Frameworks",
				);
				PRODUCT_BUNDLE_IDENTIFIER = com.cwegs.Quiz;
				PRODUCT_NAME = "$(TARGET_NAME)";
				SWIFT_VERSION = 4.2;
				TARGETED_DEVICE_FAMILY = "1,2";
			};
			name = Release;
		};
		461393D8220011C8005E25A7 /* Debug */ = {
			isa = XCBuildConfiguration;
			buildSettings = {
				ALWAYS_EMBED_SWIFT_STANDARD_LIBRARIES = YES;
				BUNDLE_LOADER = "$(TEST_HOST)";
				CODE_SIGN_STYLE = Automatic;
				INFOPLIST_FILE = QuizTests/Info.plist;
				LD_RUNPATH_SEARCH_PATHS = (
					"$(inherited)",
					"@executable_path/Frameworks",
					"@loader_path/Frameworks",
				);
				PRODUCT_BUNDLE_IDENTIFIER = com.cwegs.QuizTests;
				PRODUCT_NAME = "$(TARGET_NAME)";
				SWIFT_VERSION = 4.2;
				TARGETED_DEVICE_FAMILY = "1,2";
				TEST_HOST = "$(BUILT_PRODUCTS_DIR)/Quiz.app/Quiz";
			};
			name = Debug;
		};
		461393D9220011C8005E25A7 /* Release */ = {
			isa = XCBuildConfiguration;
			buildSettings = {
				ALWAYS_EMBED_SWIFT_STANDARD_LIBRARIES = YES;
				BUNDLE_LOADER = "$(TEST_HOST)";
				CODE_SIGN_STYLE = Automatic;
				INFOPLIST_FILE = QuizTests/Info.plist;
				LD_RUNPATH_SEARCH_PATHS = (
					"$(inherited)",
					"@executable_path/Frameworks",
					"@loader_path/Frameworks",
				);
				PRODUCT_BUNDLE_IDENTIFIER = com.cwegs.QuizTests;
				PRODUCT_NAME = "$(TARGET_NAME)";
				SWIFT_VERSION = 4.2;
				TARGETED_DEVICE_FAMILY = "1,2";
				TEST_HOST = "$(BUILT_PRODUCTS_DIR)/Quiz.app/Quiz";
			};
			name = Release;
		};
		461393DB220011C8005E25A7 /* Debug */ = {
			isa = XCBuildConfiguration;
			buildSettings = {
				ALWAYS_EMBED_SWIFT_STANDARD_LIBRARIES = YES;
				CODE_SIGN_STYLE = Automatic;
				INFOPLIST_FILE = QuizUITests/Info.plist;
				LD_RUNPATH_SEARCH_PATHS = (
					"$(inherited)",
					"@executable_path/Frameworks",
					"@loader_path/Frameworks",
				);
				PRODUCT_BUNDLE_IDENTIFIER = com.cwegs.QuizUITests;
				PRODUCT_NAME = "$(TARGET_NAME)";
				SWIFT_VERSION = 4.2;
				TARGETED_DEVICE_FAMILY = "1,2";
				TEST_TARGET_NAME = Quiz;
			};
			name = Debug;
		};
		461393DC220011C8005E25A7 /* Release */ = {
			isa = XCBuildConfiguration;
			buildSettings = {
				ALWAYS_EMBED_SWIFT_STANDARD_LIBRARIES = YES;
				CODE_SIGN_STYLE = Automatic;
				INFOPLIST_FILE = QuizUITests/Info.plist;
				LD_RUNPATH_SEARCH_PATHS = (
					"$(inherited)",
					"@executable_path/Frameworks",
					"@loader_path/Frameworks",
				);
				PRODUCT_BUNDLE_IDENTIFIER = com.cwegs.QuizUITests;
				PRODUCT_NAME = "$(TARGET_NAME)";
				SWIFT_VERSION = 4.2;
				TARGETED_DEVICE_FAMILY = "1,2";
				TEST_TARGET_NAME = Quiz;
			};
			name = Release;
		};
/* End XCBuildConfiguration section */

/* Begin XCConfigurationList section */
		461393A7220011C3005E25A7 /* Build configuration list for PBXProject "Quiz" */ = {
			isa = XCConfigurationList;
			buildConfigurations = (
				461393D2220011C8005E25A7 /* Debug */,
				461393D3220011C8005E25A7 /* Release */,
			);
			defaultConfigurationIsVisible = 0;
			defaultConfigurationName = Release;
		};
		461393D4220011C8005E25A7 /* Build configuration list for PBXNativeTarget "Quiz" */ = {
			isa = XCConfigurationList;
			buildConfigurations = (
				461393D5220011C8005E25A7 /* Debug */,
				461393D6220011C8005E25A7 /* Release */,
			);
			defaultConfigurationIsVisible = 0;
			defaultConfigurationName = Release;
		};
		461393D7220011C8005E25A7 /* Build configuration list for PBXNativeTarget "QuizTests" */ = {
			isa = XCConfigurationList;
			buildConfigurations = (
				461393D8220011C8005E25A7 /* Debug */,
				461393D9220011C8005E25A7 /* Release */,
			);
			defaultConfigurationIsVisible = 0;
			defaultConfigurationName = Release;
		};
		461393DA220011C8005E25A7 /* Build configuration list for PBXNativeTarget "QuizUITests" */ = {
			isa = XCConfigurationList;
			buildConfigurations = (
				461393DB220011C8005E25A7 /* Debug */,
				461393DC220011C8005E25A7 /* Release */,
			);
			defaultConfigurationIsVisible = 0;
			defaultConfigurationName = Release;
		};
/* End XCConfigurationList section */
	};
	rootObject = 461393A4220011C3005E25A7 /* Project object */;
}
